# This file is generated by running "yarn install" inside your project.
# Manual changes might be lost - proceed with caution!

__metadata:
  version: 4
  cacheKey: 7

"cobot@workspace:.":
  version: 0.0.0-use.local
  resolution: "cobot@workspace:."
  dependencies:
    dotenv: ^8.2.0
    eris: ^0.13.3
  languageName: unknown
  linkType: soft

"dotenv@npm:^8.2.0":
  version: 8.2.0
  resolution: "dotenv@npm:8.2.0"
  checksum: 16cb89cbd7b98b053899b8aba8c5044c8fb61a2db8a81fe70360b75035fce5fed53bd7a34d772be717d0880c0321122a4c09423f518025e1b52d96791521b1a7
  languageName: node
  linkType: hard

"eris@npm:^0.13.3":
  version: 0.13.3
  resolution: "eris@npm:0.13.3"
  dependencies:
    opusscript: ^0.0.7
    tweetnacl: ^1.0.1
    ws: ^7.2.1
  dependenciesMeta:
    opusscript:
      optional: true
    tweetnacl:
      optional: true
  checksum: 2a4aa97ffc413582eb838a333aacd836b05f69280e97a08ead119c9aaeec06e42a9b75f5e6d19731baf66eb225b5b1989b493728320541e1f483c84e03deea4f
  languageName: node
  linkType: hard

"opusscript@npm:^0.0.7":
  version: 0.0.7
  resolution: "opusscript@npm:0.0.7"
  checksum: 3fc224fbe9608af9ab354b24e3e7c9bde5f1de6419c1c86882edf7781cda52bb82526e8990a63f8991ec15a14e16e7f8e49aeacd0cc99bc9c4376d2476d9b386
  languageName: node
  linkType: hard

"tweetnacl@npm:^1.0.1":
  version: 1.0.3
  resolution: "tweetnacl@npm:1.0.3"
  checksum: 1188f3ef85db04d6dba632d211e481ae0a5805974491633ff60bd56ae3362312dfea1515e0d200685867b69ff212e8778e26923f8203e3c335064b07f620a6c7
  languageName: node
  linkType: hard

"ws@npm:^7.2.1":
  version: 7.3.1
  resolution: "ws@npm:7.3.1"
  peerDependencies:
    bufferutil: ^4.0.1
    utf-8-validate: ^5.0.2
  peerDependenciesMeta:
    bufferutil:
      optional: true
    utf-8-validate:
      optional: true
  checksum: 9302f1f6658c5f3ecd6d35d1c5a38ad708d8e5404cba66ad884ead072ef7a4c948f54d728649a2cb3af1865ca0e15f903e0e2ac9df30c1a0d4dd00d00e6e0d4a
  languageName: node
  linkType: hard
